{
	"name": "remark-text-alignment",
	"version": "0.5.9",
	"lockfileVersion": 1,
	"requires": true,
	"dependencies": {
		"space-separated-tokens": {
			"version": "1.1.5",
			"resolved": "https://registry.npmjs.org/space-separated-tokens/-/space-separated-tokens-1.1.5.tgz",
			"integrity": "sha512-q/JSVd1Lptzhf5bkYm4ob4iWPjx0KiRe3sRFBNrVqbJkFaBm5vbbowy1mymoPNLRa52+oadOhJ+K49wsSeSjTA=="
		}
	}
}
